// !$*UTF8*$!
{
	archiveVersion = 1;
	classes = {
	};
	objectVersion = 56;
	objects = {

/* Begin PBXBuildFile section */
		BE640E4D12B02C149D13CE43 /* Pods_One_Goal.framework in Frameworks */ = {isa = PBXBuildFile; fileRef = 464E3B3442E22CA368E97144 /* Pods_One_Goal.framework */; };
		FF124E4B2CD1E5C400AE81BB /* AppDelegate.swift in Sources */ = {isa = PBXBuildFile; fileRef = FF124E4A2CD1E5C400AE81BB /* AppDelegate.swift */; };
		FF124E542CD1E5C500AE81BB /* Assets.xcassets in Resources */ = {isa = PBXBuildFile; fileRef = FF124E532CD1E5C500AE81BB /* Assets.xcassets */; };
		FF124E572CD1E5C500AE81BB /* Base in Resources */ = {isa = PBXBuildFile; fileRef = FF124E562CD1E5C500AE81BB /* Base */; };
		FF124E612CD1EBC900AE81BB /* HomeVC.swift in Sources */ = {isa = PBXBuildFile; fileRef = FF124E602CD1EBC900AE81BB /* HomeVC.swift */; };
		FF124E642CD1EC5A00AE81BB /* SwipeNavigationController.swift in Sources */ = {isa = PBXBuildFile; fileRef = FF124E632CD1EC5A00AE81BB /* SwipeNavigationController.swift */; };
/* End PBXBuildFile section */

/* Begin PBXFileReference section */
		464E3B3442E22CA368E97144 /* Pods_One_Goal.framework */ = {isa = PBXFileReference; explicitFileType = wrapper.framework; includeInIndex = 0; path = Pods_One_Goal.framework; sourceTree = BUILT_PRODUCTS_DIR; };
		9F4CD2227D8CA2A58F906CF7 /* Pods-One Goal.debug.xcconfig */ = {isa = PBXFileReference; includeInIndex = 1; lastKnownFileType = text.xcconfig; name = "Pods-One Goal.debug.xcconfig"; path = "Target Support Files/Pods-One Goal/Pods-One Goal.debug.xcconfig"; sourceTree = "<group>"; };
		F73F1F733762AFCBBC5D52A9 /* Pods-One Goal.release.xcconfig */ = {isa = PBXFileReference; includeInIndex = 1; lastKnownFileType = text.xcconfig; name = "Pods-One Goal.release.xcconfig"; path = "Target Support Files/Pods-One Goal/Pods-One Goal.release.xcconfig"; sourceTree = "<group>"; };
		FF124E472CD1E5C400AE81BB /* One Goal.app */ = {isa = PBXFileReference; explicitFileType = wrapper.application; includeInIndex = 0; path = "One Goal.app"; sourceTree = BUILT_PRODUCTS_DIR; };
		FF124E4A2CD1E5C400AE81BB /* AppDelegate.swift */ = {isa = PBXFileReference; lastKnownFileType = sourcecode.swift; path = AppDelegate.swift; sourceTree = "<group>"; };
		FF124E532CD1E5C500AE81BB /* Assets.xcassets */ = {isa = PBXFileReference; lastKnownFileType = folder.assetcatalog; path = Assets.xcassets; sourceTree = "<group>"; };
		FF124E562CD1E5C500AE81BB /* Base */ = {isa = PBXFileReference; lastKnownFileType = file.storyboard; name = Base; path = Base.lproj/LaunchScreen.storyboard; sourceTree = "<group>"; };
		FF124E582CD1E5C500AE81BB /* Info.plist */ = {isa = PBXFileReference; lastKnownFileType = text.plist.xml; path = Info.plist; sourceTree = "<group>"; };
		FF124E602CD1EBC900AE81BB /* HomeVC.swift */ = {isa = PBXFileReference; lastKnownFileType = sourcecode.swift; path = HomeVC.swift; sourceTree = "<group>"; };
		FF124E632CD1EC5A00AE81BB /* SwipeNavigationController.swift */ = {isa = PBXFileReference; lastKnownFileType = sourcecode.swift; path = SwipeNavigationController.swift; sourceTree = "<group>"; };
/* End PBXFileReference section */

/* Begin PBXFrameworksBuildPhase section */
		FF124E442CD1E5C400AE81BB /* Frameworks */ = {
			isa = PBXFrameworksBuildPhase;
			buildActionMask = 2147483647;
			files = (
				BE640E4D12B02C149D13CE43 /* Pods_One_Goal.framework in Frameworks */,
			);
			runOnlyForDeploymentPostprocessing = 0;
		};
/* End PBXFrameworksBuildPhase section */

/* Begin PBXGroup section */
		452F723D34DBF84BD26A1A96 /* Pods */ = {
			isa = PBXGroup;
			children = (
				9F4CD2227D8CA2A58F906CF7 /* Pods-One Goal.debug.xcconfig */,
				F73F1F733762AFCBBC5D52A9 /* Pods-One Goal.release.xcconfig */,
			);
			path = Pods;
			sourceTree = "<group>";
		};
		91493D6FF47BC759C9E22F08 /* Frameworks */ = {
			isa = PBXGroup;
			children = (
				464E3B3442E22CA368E97144 /* Pods_One_Goal.framework */,
			);
			name = Frameworks;
			sourceTree = "<group>";
		};
		FF124E3E2CD1E5C400AE81BB = {
			isa = PBXGroup;
			children = (
				FF124E492CD1E5C400AE81BB /* One Goal */,
				FF124E482CD1E5C400AE81BB /* Products */,
				452F723D34DBF84BD26A1A96 /* Pods */,
				91493D6FF47BC759C9E22F08 /* Frameworks */,
			);
			sourceTree = "<group>";
		};
		FF124E482CD1E5C400AE81BB /* Products */ = {
			isa = PBXGroup;
			children = (
				FF124E472CD1E5C400AE81BB /* One Goal.app */,
			);
			name = Products;
			sourceTree = "<group>";
		};
		FF124E492CD1E5C400AE81BB /* One Goal */ = {
			isa = PBXGroup;
			children = (
				FF124E622CD1EC4800AE81BB /* Helpers */,
				FF124E5E2CD1EBAA00AE81BB /* ViewControllers */,
				FF124E4A2CD1E5C400AE81BB /* AppDelegate.swift */,
				FF124E532CD1E5C500AE81BB /* Assets.xcassets */,
				FF124E552CD1E5C500AE81BB /* LaunchScreen.storyboard */,
				FF124E582CD1E5C500AE81BB /* Info.plist */,
			);
			path = "One Goal";
			sourceTree = "<group>";
		};
		FF124E5E2CD1EBAA00AE81BB /* ViewControllers */ = {
			isa = PBXGroup;
			children = (
				FF124E5F2CD1EBB800AE81BB /* Home */,
			);
			path = ViewControllers;
			sourceTree = "<group>";
		};
		FF124E5F2CD1EBB800AE81BB /* Home */ = {
			isa = PBXGroup;
			children = (
				FF124E602CD1EBC900AE81BB /* HomeVC.swift */,
			);
			path = Home;
			sourceTree = "<group>";
		};
		FF124E622CD1EC4800AE81BB /* Helpers */ = {
			isa = PBXGroup;
			children = (
				FF124E632CD1EC5A00AE81BB /* SwipeNavigationController.swift */,
			);
			path = Helpers;
			sourceTree = "<group>";
		};
/* End PBXGroup section */

/* Begin PBXNativeTarget section */
		FF124E462CD1E5C400AE81BB /* One Goal */ = {
			isa = PBXNativeTarget;
			buildConfigurationList = FF124E5B2CD1E5C500AE81BB /* Build configuration list for PBXNativeTarget "One Goal" */;
			buildPhases = (
				D9A33226BA30E88AA23BDE11 /* [CP] Check Pods Manifest.lock */,
				FF124E432CD1E5C400AE81BB /* Sources */,
				FF124E442CD1E5C400AE81BB /* Frameworks */,
				FF124E452CD1E5C400AE81BB /* Resources */,
				2DAD74C515BBF936FB52A4CC /* [CP] Embed Pods Frameworks */,
			);
			buildRules = (
			);
			dependencies = (
			);
			name = "One Goal";
			productName = "One Goal";
			productReference = FF124E472CD1E5C400AE81BB /* One Goal.app */;
			productType = "com.apple.product-type.application";
		};
/* End PBXNativeTarget section */

/* Begin PBXProject section */
		FF124E3F2CD1E5C400AE81BB /* Project object */ = {
			isa = PBXProject;
			attributes = {
				BuildIndependentTargetsInParallel = 1;
				LastSwiftUpdateCheck = 1540;
				LastUpgradeCheck = 1540;
				TargetAttributes = {
					FF124E462CD1E5C400AE81BB = {
						CreatedOnToolsVersion = 15.4;
					};
				};
			};
			buildConfigurationList = FF124E422CD1E5C400AE81BB /* Build configuration list for PBXProject "One Goal" */;
			compatibilityVersion = "Xcode 14.0";
			developmentRegion = en;
			hasScannedForEncodings = 0;
			knownRegions = (
				en,
				Base,
			);
			mainGroup = FF124E3E2CD1E5C400AE81BB;
			productRefGroup = FF124E482CD1E5C400AE81BB /* Products */;
			projectDirPath = "";
			projectRoot = "";
			targets = (
				FF124E462CD1E5C400AE81BB /* One Goal */,
			);
		};
/* End PBXProject section */

/* Begin PBXResourcesBuildPhase section */
		FF124E452CD1E5C400AE81BB /* Resources */ = {
			isa = PBXResourcesBuildPhase;
			buildActionMask = 2147483647;
			files = (
				FF124E542CD1E5C500AE81BB /* Assets.xcassets in Resources */,
				FF124E572CD1E5C500AE81BB /* Base in Resources */,
			);
			runOnlyForDeploymentPostprocessing = 0;
		};
/* End PBXResourcesBuildPhase section */

/* Begin PBXShellScriptBuildPhase section */
		2DAD74C515BBF936FB52A4CC /* [CP] Embed Pods Frameworks */ = {
			isa = PBXShellScriptBuildPhase;
			buildActionMask = 2147483647;
			files = (
			);
			inputFileListPaths = (
				"${PODS_ROOT}/Target Support Files/Pods-One Goal/Pods-One Goal-frameworks-${CONFIGURATION}-input-files.xcfilelist",
			);
			name = "[CP] Embed Pods Frameworks";
			outputFileListPaths = (
				"${PODS_ROOT}/Target Support Files/Pods-One Goal/Pods-One Goal-frameworks-${CONFIGURATION}-output-files.xcfilelist",
			);
			runOnlyForDeploymentPostprocessing = 0;
			shellPath = /bin/sh;
			shellScript = "\"${PODS_ROOT}/Target Support Files/Pods-One Goal/Pods-One Goal-frameworks.sh\"\n";
			showEnvVarsInLog = 0;
		};
		D9A33226BA30E88AA23BDE11 /* [CP] Check Pods Manifest.lock */ = {
			isa = PBXShellScriptBuildPhase;
			buildActionMask = 2147483647;
			files = (
			);
			inputFileListPaths = (
			);
			inputPaths = (
				"${PODS_PODFILE_DIR_PATH}/Podfile.lock",
				"${PODS_ROOT}/Manifest.lock",
			);
			name = "[CP] Check Pods Manifest.lock";
			outputFileListPaths = (
			);
			outputPaths = (
				"$(DERIVED_FILE_DIR)/Pods-One Goal-checkManifestLockResult.txt",
			);
			runOnlyForDeploymentPostprocessing = 0;
			shellPath = /bin/sh;
			shellScript = "diff \"${PODS_PODFILE_DIR_PATH}/Podfile.lock\" \"${PODS_ROOT}/Manifest.lock\" > /dev/null\nif [ $? != 0 ] ; then\n    # print error to STDERR\n    echo \"error: The sandbox is not in sync with the Podfile.lock. Run 'pod install' or update your CocoaPods installation.\" >&2\n    exit 1\nfi\n# This output is used by Xcode 'outputs' to avoid re-running this script phase.\necho \"SUCCESS\" > \"${SCRIPT_OUTPUT_FILE_0}\"\n";
			showEnvVarsInLog = 0;
		};
/* End PBXShellScriptBuildPhase section */

/* Begin PBXSourcesBuildPhase section */
		FF124E432CD1E5C400AE81BB /* Sources */ = {
			isa = PBXSourcesBuildPhase;
			buildActionMask = 2147483647;
			files = (
				FF124E612CD1EBC900AE81BB /* HomeVC.swift in Sources */,
				FF124E642CD1EC5A00AE81BB /* SwipeNavigationController.swift in Sources */,
				FF124E4B2CD1E5C400AE81BB /* AppDelegate.swift in Sources */,
			);
			runOnlyForDeploymentPostprocessing = 0;
		};
/* End PBXSourcesBuildPhase section */

/* Begin PBXVariantGroup section */
		FF124E552CD1E5C500AE81BB /* LaunchScreen.storyboard */ = {
			isa = PBXVariantGroup;
			children = (
				FF124E562CD1E5C500AE81BB /* Base */,
			);
			name = LaunchScreen.storyboard;
			sourceTree = "<group>";
		};
/* End PBXVariantGroup section */

/* Begin XCBuildConfiguration section */
		FF124E592CD1E5C500AE81BB /* Debug */ = {
			isa = XCBuildConfiguration;
			buildSettings = {
				ALWAYS_SEARCH_USER_PATHS = NO;
				ASSETCATALOG_COMPILER_GENERATE_SWIFT_ASSET_SYMBOL_EXTENSIONS = YES;
				CLANG_ANALYZER_NONNULL = YES;
				CLANG_ANALYZER_NUMBER_OBJECT_CONVERSION = YES_AGGRESSIVE;
				CLANG_CXX_LANGUAGE_STANDARD = "gnu++20";
				CLANG_ENABLE_MODULES = YES;
				CLANG_ENABLE_OBJC_ARC = YES;
				CLANG_ENABLE_OBJC_WEAK = YES;
				CLANG_WARN_BLOCK_CAPTURE_AUTORELEASING = YES;
				CLANG_WARN_BOOL_CONVERSION = YES;
				CLANG_WARN_COMMA = YES;
				CLANG_WARN_CONSTANT_CONVERSION = YES;
				CLANG_WARN_DEPRECATED_OBJC_IMPLEMENTATIONS = YES;
				CLANG_WARN_DIRECT_OBJC_ISA_USAGE = YES_ERROR;
				CLANG_WARN_DOCUMENTATION_COMMENTS = YES;
				CLANG_WARN_EMPTY_BODY = YES;
				CLANG_WARN_ENUM_CONVERSION = YES;
				CLANG_WARN_INFINITE_RECURSION = YES;
				CLANG_WARN_INT_CONVERSION = YES;
				CLANG_WARN_NON_LITERAL_NULL_CONVERSION = YES;
				CLANG_WARN_OBJC_IMPLICIT_RETAIN_SELF = YES;
				CLANG_WARN_OBJC_LITERAL_CONVERSION = YES;
				CLANG_WARN_OBJC_ROOT_CLASS = YES_ERROR;
				CLANG_WARN_QUOTED_INCLUDE_IN_FRAMEWORK_HEADER = YES;
				CLANG_WARN_RANGE_LOOP_ANALYSIS = YES;
				CLANG_WARN_STRICT_PROTOTYPES = YES;
				CLANG_WARN_SUSPICIOUS_MOVE = YES;
				CLANG_WARN_UNGUARDED_AVAILABILITY = YES_AGGRESSIVE;
				CLANG_WARN_UNREACHABLE_CODE = YES;
				CLANG_WARN__DUPLICATE_METHOD_MATCH = YES;
				COPY_PHASE_STRIP = NO;
				DEBUG_INFORMATION_FORMAT = dwarf;
				ENABLE_STRICT_OBJC_MSGSEND = YES;
				ENABLE_TESTABILITY = YES;
				ENABLE_USER_SCRIPT_SANDBOXING = NO;
				GCC_C_LANGUAGE_STANDARD = gnu17;
				GCC_DYNAMIC_NO_PIC = NO;
				GCC_NO_COMMON_BLOCKS = YES;
				GCC_OPTIMIZATION_LEVEL = 0;
				GCC_PREPROCESSOR_DEFINITIONS = (
					"DEBUG=1",
					"$(inherited)",
				);
				GCC_WARN_64_TO_32_BIT_CONVERSION = YES;
				GCC_WARN_ABOUT_RETURN_TYPE = YES_ERROR;
				GCC_WARN_UNDECLARED_SELECTOR = YES;
				GCC_WARN_UNINITIALIZED_AUTOS = YES_AGGRESSIVE;
				GCC_WARN_UNUSED_FUNCTION = YES;
				GCC_WARN_UNUSED_VARIABLE = YES;
				IPHONEOS_DEPLOYMENT_TARGET = 15.0;
				LOCALIZATION_PREFERS_STRING_CATALOGS = YES;
				MTL_ENABLE_DEBUG_INFO = INCLUDE_SOURCE;
				MTL_FAST_MATH = YES;
				ONLY_ACTIVE_ARCH = YES;
				SDKROOT = iphoneos;
				SWIFT_ACTIVE_COMPILATION_CONDITIONS = "DEBUG $(inherited)";
				SWIFT_OPTIMIZATION_LEVEL = "-Onone";
			};
			name = Debug;
		};
		FF124E5A2CD1E5C500AE81BB /* Release */ = {
			isa = XCBuildConfiguration;
			buildSettings = {
				ALWAYS_SEARCH_USER_PATHS = NO;
				ASSETCATALOG_COMPILER_GENERATE_SWIFT_ASSET_SYMBOL_EXTENSIONS = YES;
				CLANG_ANALYZER_NONNULL = YES;
				CLANG_ANALYZER_NUMBER_OBJECT_CONVERSION = YES_AGGRESSIVE;
				CLANG_CXX_LANGUAGE_STANDARD = "gnu++20";
				CLANG_ENABLE_MODULES = YES;
				CLANG_ENABLE_OBJC_ARC = YES;
				CLANG_ENABLE_OBJC_WEAK = YES;
				CLANG_WARN_BLOCK_CAPTURE_AUTORELEASING = YES;
				CLANG_WARN_BOOL_CONVERSION = YES;
				CLANG_WARN_COMMA = YES;
				CLANG_WARN_CONSTANT_CONVERSION = YES;
				CLANG_WARN_DEPRECATED_OBJC_IMPLEMENTATIONS = YES;
				CLANG_WARN_DIRECT_OBJC_ISA_USAGE = YES_ERROR;
				CLANG_WARN_DOCUMENTATION_COMMENTS = YES;
				CLANG_WARN_EMPTY_BODY = YES;
				CLANG_WARN_ENUM_CONVERSION = YES;
				CLANG_WARN_INFINITE_RECURSION = YES;
				CLANG_WARN_INT_CONVERSION = YES;
				CLANG_WARN_NON_LITERAL_NULL_CONVERSION = YES;
				CLANG_WARN_OBJC_IMPLICIT_RETAIN_SELF = YES;
				CLANG_WARN_OBJC_LITERAL_CONVERSION = YES;
				CLANG_WARN_OBJC_ROOT_CLASS = YES_ERROR;
				CLANG_WARN_QUOTED_INCLUDE_IN_FRAMEWORK_HEADER = YES;
				CLANG_WARN_RANGE_LOOP_ANALYSIS = YES;
				CLANG_WARN_STRICT_PROTOTYPES = YES;
				CLANG_WARN_SUSPICIOUS_MOVE = YES;
				CLANG_WARN_UNGUARDED_AVAILABILITY = YES_AGGRESSIVE;
				CLANG_WARN_UNREACHABLE_CODE = YES;
				CLANG_WARN__DUPLICATE_METHOD_MATCH = YES;
				COPY_PHASE_STRIP = NO;
				DEBUG_INFORMATION_FORMAT = "dwarf-with-dsym";
				ENABLE_NS_ASSERTIONS = NO;
				ENABLE_STRICT_OBJC_MSGSEND = YES;
				ENABLE_USER_SCRIPT_SANDBOXING = NO;
				GCC_C_LANGUAGE_STANDARD = gnu17;
				GCC_NO_COMMON_BLOCKS = YES;
				GCC_WARN_64_TO_32_BIT_CONVERSION = YES;
				GCC_WARN_ABOUT_RETURN_TYPE = YES_ERROR;
				GCC_WARN_UNDECLARED_SELECTOR = YES;
				GCC_WARN_UNINITIALIZED_AUTOS = YES_AGGRESSIVE;
				GCC_WARN_UNUSED_FUNCTION = YES;
				GCC_WARN_UNUSED_VARIABLE = YES;
				IPHONEOS_DEPLOYMENT_TARGET = 15.0;
				LOCALIZATION_PREFERS_STRING_CATALOGS = YES;
				MTL_ENABLE_DEBUG_INFO = NO;
				MTL_FAST_MATH = YES;
				SDKROOT = iphoneos;
				SWIFT_COMPILATION_MODE = wholemodule;
				VALIDATE_PRODUCT = YES;
			};
			name = Release;
		};
		FF124E5C2CD1E5C500AE81BB /* Debug */ = {
			isa = XCBuildConfiguration;
			baseConfigurationReference = 9F4CD2227D8CA2A58F906CF7 /* Pods-One Goal.debug.xcconfig */;
			buildSettings = {
				ASSETCATALOG_COMPILER_APPICON_NAME = AppIcon;
				ASSETCATALOG_COMPILER_GLOBAL_ACCENT_COLOR_NAME = AccentColor;
				CODE_SIGN_STYLE = Automatic;
				CURRENT_PROJECT_VERSION = 1;
				DEVELOPMENT_TEAM = HFX859F777;
				GENERATE_INFOPLIST_FILE = YES;
				INFOPLIST_FILE = "One Goal/Info.plist";
				INFOPLIST_KEY_UIApplicationSupportsIndirectInputEvents = YES;
				INFOPLIST_KEY_UILaunchStoryboardName = LaunchScreen;
				INFOPLIST_KEY_UISupportedInterfaceOrientations_iPad = "UIInterfaceOrientationPortrait UIInterfaceOrientationPortraitUpsideDown UIInterfaceOrientationLandscapeLeft UIInterfaceOrientationLandscapeRight";
				INFOPLIST_KEY_UISupportedInterfaceOrientations_iPhone = "UIInterfaceOrientationPortrait UIInterfaceOrientationLandscapeLeft UIInterfaceOrientationLandscapeRight";
				LD_RUNPATH_SEARCH_PATHS = (
					"$(inherited)",
					"@executable_path/Frameworks",
				);
				MARKETING_VERSION = 1.0;
				PRODUCT_BUNDLE_IDENTIFIER = "com.sajidhasan.One-Goal";
				PRODUCT_NAME = "$(TARGET_NAME)";
				SWIFT_EMIT_LOC_STRINGS = YES;
				SWIFT_VERSION = 5.0;
				TARGETED_DEVICE_FAMILY = "1,2";
			};
			name = Debug;
		};
		FF124E5D2CD1E5C500AE81BB /* Release */ = {
			isa = XCBuildConfiguration;
			baseConfigurationReference = F73F1F733762AFCBBC5D52A9 /* Pods-One Goal.release.xcconfig */;
			buildSettings = {
				ASSETCATALOG_COMPILER_APPICON_NAME = AppIcon;
				ASSETCATALOG_COMPILER_GLOBAL_ACCENT_COLOR_NAME = AccentColor;
				CODE_SIGN_STYLE = Automatic;
				CURRENT_PROJECT_VERSION = 1;
				DEVELOPMENT_TEAM = HFX859F777;
				GENERATE_INFOPLIST_FILE = YES;
				INFOPLIST_FILE = "One Goal/Info.plist";
				INFOPLIST_KEY_UIApplicationSupportsIndirectInputEvents = YES;
				INFOPLIST_KEY_UILaunchStoryboardName = LaunchScreen;
				INFOPLIST_KEY_UISupportedInterfaceOrientations_iPad = "UIInterfaceOrientationPortrait UIInterfaceOrientationPortraitUpsideDown UIInterfaceOrientationLandscapeLeft UIInterfaceOrientationLandscapeRight";
				INFOPLIST_KEY_UISupportedInterfaceOrientations_iPhone = "UIInterfaceOrientationPortrait UIInterfaceOrientationLandscapeLeft UIInterfaceOrientationLandscapeRight";
				LD_RUNPATH_SEARCH_PATHS = (
					"$(inherited)",
					"@executable_path/Frameworks",
				);
				MARKETING_VERSION = 1.0;
				PRODUCT_BUNDLE_IDENTIFIER = "com.sajidhasan.One-Goal";
				PRODUCT_NAME = "$(TARGET_NAME)";
				SWIFT_EMIT_LOC_STRINGS = YES;
				SWIFT_VERSION = 5.0;
				TARGETED_DEVICE_FAMILY = "1,2";
			};
			name = Release;
		};
/* End XCBuildConfiguration section */

/* Begin XCConfigurationList section */
		FF124E422CD1E5C400AE81BB /* Build configuration list for PBXProject "One Goal" */ = {
			isa = XCConfigurationList;
			buildConfigurations = (
				FF124E592CD1E5C500AE81BB /* Debug */,
				FF124E5A2CD1E5C500AE81BB /* Release */,
			);
			defaultConfigurationIsVisible = 0;
			defaultConfigurationName = Release;
		};
		FF124E5B2CD1E5C500AE81BB /* Build configuration list for PBXNativeTarget "One Goal" */ = {
			isa = XCConfigurationList;
			buildConfigurations = (
				FF124E5C2CD1E5C500AE81BB /* Debug */,
				FF124E5D2CD1E5C500AE81BB /* Release */,
			);
			defaultConfigurationIsVisible = 0;
			defaultConfigurationName = Release;
		};
/* End XCConfigurationList section */
	};
	rootObject = FF124E3F2CD1E5C400AE81BB /* Project object */;
}
